
Microsoft Visual Studio Solution File, Format Version 12.00
# Visual Studio Version 17
VisualStudioVersion = 17.1.32228.430
MinimumVisualStudioVersion = 10.0.40219.1
Project("{FAE04EC0-301F-11D3-BF4B-00C04F79EFBC}") = "CalculatingTheArea", "CalculatingTheArea\CalculatingTheArea.csproj", "{B06278A3-9E3D-4493-8A2C-7CD249C02BFD}"
EndProject
Project("{FAE04EC0-301F-11D3-BF4B-00C04F79EFBC}") = "CalculatingTheArea.Test", "CalculatingTheArea.Test\CalculatingTheArea.Test.csproj", "{63C9185E-19C9-43CB-B576-5F24FED148AD}"
EndProject
Global
	GlobalSection(SolutionConfigurationPlatforms) = preSolution
		Debug|Any CPU = Debug|Any CPU
		Release|Any CPU = Release|Any CPU
	EndGlobalSection
	GlobalSection(ProjectConfigurationPlatforms) = postSolution
		{B06278A3-9E3D-4493-8A2C-7CD249C02BFD}.Debug|Any CPU.ActiveCfg = Debug|Any CPU
		{B06278A3-9E3D-4493-8A2C-7CD249C02BFD}.Debug|Any CPU.Build.0 = Debug|Any CPU
		{B06278A3-9E3D-4493-8A2C-7CD249C02BFD}.Release|Any CPU.ActiveCfg = Release|Any CPU
		{B06278A3-9E3D-4493-8A2C-7CD249C02BFD}.Release|Any CPU.Build.0 = Release|Any CPU
		{63C9185E-19C9-43CB-B576-5F24FED148AD}.Debug|Any CPU.ActiveCfg = Debug|Any CPU
		{63C9185E-19C9-43CB-B576-5F24FED148AD}.Debug|Any CPU.Build.0 = Debug|Any CPU
		{63C9185E-19C9-43CB-B576-5F24FED148AD}.Release|Any CPU.ActiveCfg = Release|Any CPU
		{63C9185E-19C9-43CB-B576-5F24FED148AD}.Release|Any CPU.Build.0 = Release|Any CPU
	EndGlobalSection
	GlobalSection(SolutionProperties) = preSolution
		HideSolutionNode = FALSE
	EndGlobalSection
	GlobalSection(ExtensibilityGlobals) = postSolution
		SolutionGuid = {3DE0BF25-F4DB-4376-9684-8E13A89CC542}
	EndGlobalSection
EndGlobal
